
Microsoft Visual Studio Solution File, Format Version 12.00
# Visual Studio 15
VisualStudioVersion = 15.0.28307.852
MinimumVisualStudioVersion = 10.0.40219.1
Project("{8BC9CEB8-8B4A-11D0-8D11-00A0C91BC942}") = "opencv project1", "opencv project1\opencv project1.vcxproj", "{D92753EE-B163-4F5F-A39B-1852D4318868}"
EndProject
Global
	GlobalSection(SolutionConfigurationPlatforms) = preSolution
		Debug|x64 = Debug|x64
		Debug|x86 = Debug|x86
		Release|x64 = Release|x64
		Release|x86 = Release|x86
	EndGlobalSection
	GlobalSection(ProjectConfigurationPlatforms) = postSolution
		{D92753EE-B163-4F5F-A39B-1852D4318868}.Debug|x64.ActiveCfg = Debug|x64
		{D92753EE-B163-4F5F-A39B-1852D4318868}.Debug|x64.Build.0 = Debug|x64
		{D92753EE-B163-4F5F-A39B-1852D4318868}.Debug|x86.ActiveCfg = Debug|Win32
		{D92753EE-B163-4F5F-A39B-1852D4318868}.Debug|x86.Build.0 = Debug|Win32
		{D92753EE-B163-4F5F-A39B-1852D4318868}.Release|x64.ActiveCfg = Release|x64
		{D92753EE-B163-4F5F-A39B-1852D4318868}.Release|x64.Build.0 = Release|x64
		{D92753EE-B163-4F5F-A39B-1852D4318868}.Release|x86.ActiveCfg = Release|Win32
		{D92753EE-B163-4F5F-A39B-1852D4318868}.Release|x86.Build.0 = Release|Win32
	EndGlobalSection
	GlobalSection(SolutionProperties) = preSolution
		HideSolutionNode = FALSE
	EndGlobalSection
	GlobalSection(ExtensibilityGlobals) = postSolution
		SolutionGuid = {E4EBBEAA-E223-4B52-B307-C46C8F84A264}
	EndGlobalSection
EndGlobal
